lockfileVersion: '9.0'

settings:
  autoInstallPeers: true
  excludeLinksFromLockfile: false

importers:

  .:
    dependencies:
      dns2:
        specifier: ^2.1.0
        version: 2.1.0

packages:

  dns2@2.1.0:
    resolution: {integrity: sha512-m27K11aQalRbmUs7RLaz6aPyceLjAoqjPRNTdE7qUouQpl+PC8Bi67O+i9SuJUPbQC8dxFrczAxfmTPuTKHNkw==}

snapshots:

  dns2@2.1.0: {}
